
Microsoft Visual Studio Solution File, Format Version 12.00
# Visual Studio Version 16
VisualStudioVersion = 16.0.29201.188
MinimumVisualStudioVersion = 10.0.40219.1
Project("{8BC9CEB8-8B4A-11D0-8D11-00A0C91BC942}") = "o-omok", "o-omok\o-omok.vcxproj", "{7E2D673B-8626-4614-8F47-D63ACB5315BD}"
EndProject
Global
	GlobalSection(SolutionConfigurationPlatforms) = preSolution
		Debug|x64 = Debug|x64
		Debug|x86 = Debug|x86
		Release|x64 = Release|x64
		Release|x86 = Release|x86
	EndGlobalSection
	GlobalSection(ProjectConfigurationPlatforms) = postSolution
		{7E2D673B-8626-4614-8F47-D63ACB5315BD}.Debug|x64.ActiveCfg = Debug|x64
		{7E2D673B-8626-4614-8F47-D63ACB5315BD}.Debug|x64.Build.0 = Debug|x64
		{7E2D673B-8626-4614-8F47-D63ACB5315BD}.Debug|x86.ActiveCfg = Debug|Win32
		{7E2D673B-8626-4614-8F47-D63ACB5315BD}.Debug|x86.Build.0 = Debug|Win32
		{7E2D673B-8626-4614-8F47-D63ACB5315BD}.Release|x64.ActiveCfg = Release|x64
		{7E2D673B-8626-4614-8F47-D63ACB5315BD}.Release|x64.Build.0 = Release|x64
		{7E2D673B-8626-4614-8F47-D63ACB5315BD}.Release|x86.ActiveCfg = Release|Win32
		{7E2D673B-8626-4614-8F47-D63ACB5315BD}.Release|x86.Build.0 = Release|Win32
	EndGlobalSection
	GlobalSection(SolutionProperties) = preSolution
		HideSolutionNode = FALSE
	EndGlobalSection
	GlobalSection(ExtensibilityGlobals) = postSolution
		SolutionGuid = {F89873ED-3733-463C-A4AC-162C7F352B8C}
	EndGlobalSection
EndGlobal
